
Microsoft Visual Studio Solution File, Format Version 12.00
# Visual Studio Version 16
VisualStudioVersion = 16.0.30503.244
MinimumVisualStudioVersion = 10.0.40219.1
Project("{FAE04EC0-301F-11D3-BF4B-00C04F79EFBC}") = "Api", "Api.csproj", "{5FDB8DB9-3B9D-48F4-A72A-DE6F07965741}"
EndProject
Global
	GlobalSection(SolutionConfigurationPlatforms) = preSolution
		Debug|Any CPU = Debug|Any CPU
		Release|Any CPU = Release|Any CPU
	EndGlobalSection
	GlobalSection(ProjectConfigurationPlatforms) = postSolution
		{5FDB8DB9-3B9D-48F4-A72A-DE6F07965741}.Debug|Any CPU.ActiveCfg = Debug|Any CPU
		{5FDB8DB9-3B9D-48F4-A72A-DE6F07965741}.Debug|Any CPU.Build.0 = Debug|Any CPU
		{5FDB8DB9-3B9D-48F4-A72A-DE6F07965741}.Release|Any CPU.ActiveCfg = Release|Any CPU
		{5FDB8DB9-3B9D-48F4-A72A-DE6F07965741}.Release|Any CPU.Build.0 = Release|Any CPU
	EndGlobalSection
	GlobalSection(SolutionProperties) = preSolution
		HideSolutionNode = FALSE
	EndGlobalSection
	GlobalSection(ExtensibilityGlobals) = postSolution
		SolutionGuid = {0CE83D06-6137-4B8B-BB65-817B88C0981D}
	EndGlobalSection
EndGlobal
